
Microsoft Visual Studio Solution File, Format Version 12.00
# Visual Studio Version 16
VisualStudioVersion = 16.0.31911.196
MinimumVisualStudioVersion = 10.0.40219.1
Project("{FAE04EC0-301F-11D3-BF4B-00C04F79EFBC}") = "WebApplication1", "WebApplication1\WebApplication1.csproj", "{1D5BB860-FBB9-4AAF-8CDB-5A1438FE9415}"
EndProject
Global
	GlobalSection(SolutionConfigurationPlatforms) = preSolution
		Debug|Any CPU = Debug|Any CPU
		Release|Any CPU = Release|Any CPU
	EndGlobalSection
	GlobalSection(ProjectConfigurationPlatforms) = postSolution
		{1D5BB860-FBB9-4AAF-8CDB-5A1438FE9415}.Debug|Any CPU.ActiveCfg = Debug|Any CPU
		{1D5BB860-FBB9-4AAF-8CDB-5A1438FE9415}.Debug|Any CPU.Build.0 = Debug|Any CPU
		{1D5BB860-FBB9-4AAF-8CDB-5A1438FE9415}.Release|Any CPU.ActiveCfg = Release|Any CPU
		{1D5BB860-FBB9-4AAF-8CDB-5A1438FE9415}.Release|Any CPU.Build.0 = Release|Any CPU
	EndGlobalSection
	GlobalSection(SolutionProperties) = preSolution
		HideSolutionNode = FALSE
	EndGlobalSection
	GlobalSection(ExtensibilityGlobals) = postSolution
		SolutionGuid = {AB8102CB-BA87-4D46-8F27-DA59ABC2B401}
	EndGlobalSection
EndGlobal
