
Microsoft Visual Studio Solution File, Format Version 12.00
# Visual Studio Version 16
VisualStudioVersion = 16.0.31911.196
MinimumVisualStudioVersion = 10.0.40219.1
Project("{9A19103F-16F7-4668-BE54-9A1E7A4F7556}") = "BasicProgramming", "ConsoleApp1\BasicProgramming.csproj", "{F970703A-07A4-4A8A-AB97-6946BEC394D1}"
EndProject
Global
	GlobalSection(SolutionConfigurationPlatforms) = preSolution
		Debug|Any CPU = Debug|Any CPU
		Release|Any CPU = Release|Any CPU
	EndGlobalSection
	GlobalSection(ProjectConfigurationPlatforms) = postSolution
		{F970703A-07A4-4A8A-AB97-6946BEC394D1}.Debug|Any CPU.ActiveCfg = Debug|Any CPU
		{F970703A-07A4-4A8A-AB97-6946BEC394D1}.Debug|Any CPU.Build.0 = Debug|Any CPU
		{F970703A-07A4-4A8A-AB97-6946BEC394D1}.Release|Any CPU.ActiveCfg = Release|Any CPU
		{F970703A-07A4-4A8A-AB97-6946BEC394D1}.Release|Any CPU.Build.0 = Release|Any CPU
	EndGlobalSection
	GlobalSection(SolutionProperties) = preSolution
		HideSolutionNode = FALSE
	EndGlobalSection
	GlobalSection(ExtensibilityGlobals) = postSolution
		SolutionGuid = {D0A0BD3A-E8B2-4382-81BF-370247746021}
	EndGlobalSection
EndGlobal
